{
  "nodes": {
    "flake-parts": {
      "inputs": {
        "nixpkgs-lib": "nixpkgs-lib"
      },
      "locked": {
        "lastModified": 1749398372,
        "narHash": "sha256-tYBdgS56eXYaWVW3fsnPQ/nFlgWi/Z2Ymhyu21zVM98=",
        "owner": "hercules-ci",
        "repo": "flake-parts",
        "rev": "9305fe4e5c2a6fcf5ba6a3ff155720fbe4076569",
        "type": "github"
      },
      "original": {
        "owner": "hercules-ci",
        "repo": "flake-parts",
        "type": "github"
      }
    },
    "nixpkgs": {
      "locked": {
        "lastModified": 1751285371,
        "narHash": "sha256-/hDU+2AUeFFu5qGHO/UyFMc4UG/x5Cw5uXO36KGTk6c=",
        "owner": "nixos",
        "repo": "nixpkgs",
        "rev": "b9c03fbbaf84d85bb28eee530c7e9edc4021ca1b",
        "type": "github"
      },
      "original": {
        "owner": "nixos",
        "repo": "nixpkgs",
        "type": "github"
      }
    },
    "nixpkgs-lib": {
      "locked": {
        "lastModified": 1748740939,
        "narHash": "sha256-rQaysilft1aVMwF14xIdGS3sj1yHlI6oKQNBRTF40cc=",
        "owner": "nix-community",
        "repo": "nixpkgs.lib",
        "rev": "656a64127e9d791a334452c6b6606d17539476e2",
        "type": "github"
      },
      "original": {
        "owner": "nix-community",
        "repo": "nixpkgs.lib",
        "type": "github"
      }
    },
    "patched-nixpkgs": {
      "locked": {
        "lastModified": 1750677113,
        "narHash": "sha256-hOLEPjPscArQiPm4+EPuVuvcXX7uhIx18gLvXrDS/5k=",
        "owner": "TomaSajt",
        "repo": "nixpkgs",
        "rev": "27a4b311a7ea290aa2504019c8693b7dace8dab5",
        "type": "github"
      },
      "original": {
        "owner": "TomaSajt",
        "ref": "fetch-cargo-vendor-dup",
        "repo": "nixpkgs",
        "type": "github"
      }
    },
    "root": {
      "inputs": {
        "flake-parts": "flake-parts",
        "nixpkgs": "nixpkgs",
        "patched-nixpkgs": "patched-nixpkgs"
      }
    }
  },
  "root": "root",
  "version": 7
}
