{
  "nodes": {
    "flake-parts": {
      "inputs": {
        "nixpkgs-lib": "nixpkgs-lib"
      },
      "locked": {
        "lastModified": 1749398372,
        "narHash": "sha256-tYBdgS56eXYaWVW3fsnPQ/nFlgWi/Z2Ymhyu21zVM98=",
        "owner": "hercules-ci",
        "repo": "flake-parts",
        "rev": "9305fe4e5c2a6fcf5ba6a3ff155720fbe4076569",
        "type": "github"
      },
      "original": {
        "owner": "hercules-ci",
        "repo": "flake-parts",
        "type": "github"
      }
    },
    "nixpkgs": {
      "locked": {
        "lastModified": 1749471547,
        "narHash": "sha256-l4OMi4sWQ72MS1DEIc7TkcUBGWNR/f1OFKIiNj9V+uQ=",
        "owner": "nixos",
        "repo": "nixpkgs",
        "rev": "26df1fc46b29ae3d07f4b67f449f0ccdeaaed694",
        "type": "github"
      },
      "original": {
        "owner": "nixos",
        "repo": "nixpkgs",
        "type": "github"
      }
    },
    "nixpkgs-lib": {
      "locked": {
        "lastModified": 1748740939,
        "narHash": "sha256-rQaysilft1aVMwF14xIdGS3sj1yHlI6oKQNBRTF40cc=",
        "owner": "nix-community",
        "repo": "nixpkgs.lib",
        "rev": "656a64127e9d791a334452c6b6606d17539476e2",
        "type": "github"
      },
      "original": {
        "owner": "nix-community",
        "repo": "nixpkgs.lib",
        "type": "github"
      }
    },
    "patched-nixpkgs": {
      "locked": {
        "lastModified": 1748133736,
        "narHash": "sha256-8DCZF+SHXa7P9O9op2ET7qJtPomzQ49jy2vjzrHocg4=",
        "owner": "TomaSajt",
        "repo": "nixpkgs",
        "rev": "76121e3e5db9bfcc4b604b4093abea7b1aa3109e",
        "type": "github"
      },
      "original": {
        "owner": "TomaSajt",
        "ref": "fetch-cargo-vendor-dup",
        "repo": "nixpkgs",
        "type": "github"
      }
    },
    "root": {
      "inputs": {
        "flake-parts": "flake-parts",
        "nixpkgs": "nixpkgs",
        "patched-nixpkgs": "patched-nixpkgs"
      }
    }
  },
  "root": "root",
  "version": 7
}
